// !$*UTF8*$!
{
	archiveVersion = 1;
	classes = {
	};
	objectVersion = 55;
	objects = {

/* Begin PBXBuildFile section */
		0CA5ACC82825FCBA00371383 /* AppDelegate.swift in Sources */ = {isa = PBXBuildFile; fileRef = 0CA5ACC72825FCBA00371383 /* AppDelegate.swift */; };
		0CA5ACCA2825FCBA00371383 /* SceneDelegate.swift in Sources */ = {isa = PBXBuildFile; fileRef = 0CA5ACC92825FCBA00371383 /* SceneDelegate.swift */; };
		0CA5ACCC2825FCBA00371383 /* ViewController.swift in Sources */ = {isa = PBXBuildFile; fileRef = 0CA5ACCB2825FCBA00371383 /* ViewController.swift */; };
		0CA5ACCF2825FCBA00371383 /* Main.storyboard in Resources */ = {isa = PBXBuildFile; fileRef = 0CA5ACCD2825FCBA00371383 /* Main.storyboard */; };
		0CA5ACD12825FCBC00371383 /* Assets.xcassets in Resources */ = {isa = PBXBuildFile; fileRef = 0CA5ACD02825FCBC00371383 /* Assets.xcassets */; };
		0CA5ACD42825FCBC00371383 /* LaunchScreen.storyboard in Resources */ = {isa = PBXBuildFile; fileRef = 0CA5ACD22825FCBC00371383 /* LaunchScreen.storyboard */; };
/* End PBXBuildFile section */

/* Begin PBXFileReference section */
		0C9916D22826012B009101E8 /* Views */ = {isa = PBXFileReference; lastKnownFileType = wrapper; path = Views; sourceTree = "<group>"; };
		0C9916D428260262009101E8 /* Assets */ = {isa = PBXFileReference; lastKnownFileType = wrapper; path = Assets; sourceTree = "<group>"; };
		0CA5ACC42825FCBA00371383 /* DevToiOS.app */ = {isa = PBXFileReference; explicitFileType = wrapper.application; includeInIndex = 0; path = DevToiOS.app; sourceTree = BUILT_PRODUCTS_DIR; };
		0CA5ACC72825FCBA00371383 /* AppDelegate.swift */ = {isa = PBXFileReference; lastKnownFileType = sourcecode.swift; path = AppDelegate.swift; sourceTree = "<group>"; };
		0CA5ACC92825FCBA00371383 /* SceneDelegate.swift */ = {isa = PBXFileReference; lastKnownFileType = sourcecode.swift; path = SceneDelegate.swift; sourceTree = "<group>"; };
		0CA5ACCB2825FCBA00371383 /* ViewController.swift */ = {isa = PBXFileReference; lastKnownFileType = sourcecode.swift; path = ViewController.swift; sourceTree = "<group>"; };
		0CA5ACCE2825FCBA00371383 /* Base */ = {isa = PBXFileReference; lastKnownFileType = file.storyboard; name = Base; path = Base.lproj/Main.storyboard; sourceTree = "<group>"; };
		0CA5ACD02825FCBC00371383 /* Assets.xcassets */ = {isa = PBXFileReference; lastKnownFileType = folder.assetcatalog; path = Assets.xcassets; sourceTree = "<group>"; };
		0CA5ACD32825FCBC00371383 /* Base */ = {isa = PBXFileReference; lastKnownFileType = file.storyboard; name = Base; path = Base.lproj/LaunchScreen.storyboard; sourceTree = "<group>"; };
		0CA5ACD52825FCBC00371383 /* Info.plist */ = {isa = PBXFileReference; lastKnownFileType = text.plist.xml; path = Info.plist; sourceTree = "<group>"; };
/* End PBXFileReference section */

/* Begin PBXFrameworksBuildPhase section */
		0CA5ACC12825FCBA00371383 /* Frameworks */ = {
			isa = PBXFrameworksBuildPhase;
			buildActionMask = 2147483647;
			files = (
			);
			runOnlyForDeploymentPostprocessing = 0;
		};
/* End PBXFrameworksBuildPhase section */

/* Begin PBXGroup section */
		0C9916C428260004009101E8 /* Packages */ = {
			isa = PBXGroup;
			children = (
				0C9916D0282600F4009101E8 /* DataLayer */,
				0C9916D1282600F4009101E8 /* DomainLayer */,
				0C9916CF282600F4009101E8 /* PresentationLayer */,
			);
			name = Packages;
			sourceTree = "<group>";
		};
		0C9916CF282600F4009101E8 /* PresentationLayer */ = {
			isa = PBXGroup;
			children = (
				0C9916D3282601FD009101E8 /* Scene */,
				0C9916D428260262009101E8 /* Assets */,
				0C9916D22826012B009101E8 /* Views */,
			);
			name = PresentationLayer;
			path = Packages/PresentationLayer;
			sourceTree = "<group>";
		};
		0C9916D0282600F4009101E8 /* DataLayer */ = {
			isa = PBXGroup;
			children = (
			);
			name = DataLayer;
			path = Packages/DataLayer;
			sourceTree = "<group>";
		};
		0C9916D1282600F4009101E8 /* DomainLayer */ = {
			isa = PBXGroup;
			children = (
			);
			name = DomainLayer;
			path = Packages/DomainLayer;
			sourceTree = "<group>";
		};
		0C9916D3282601FD009101E8 /* Scene */ = {
			isa = PBXGroup;
			children = (
			);
			path = Scene;
			sourceTree = "<group>";
		};
		0CA5ACBB2825FCBA00371383 = {
			isa = PBXGroup;
			children = (
				0C9916C428260004009101E8 /* Packages */,
				0CA5ACC62825FCBA00371383 /* DevToiOS */,
				0CA5ACC52825FCBA00371383 /* Products */,
			);
			sourceTree = "<group>";
		};
		0CA5ACC52825FCBA00371383 /* Products */ = {
			isa = PBXGroup;
			children = (
				0CA5ACC42825FCBA00371383 /* DevToiOS.app */,
			);
			name = Products;
			sourceTree = "<group>";
		};
		0CA5ACC62825FCBA00371383 /* DevToiOS */ = {
			isa = PBXGroup;
			children = (
				0CA5ACC72825FCBA00371383 /* AppDelegate.swift */,
				0CA5ACC92825FCBA00371383 /* SceneDelegate.swift */,
				0CA5ACCB2825FCBA00371383 /* ViewController.swift */,
				0CA5ACCD2825FCBA00371383 /* Main.storyboard */,
				0CA5ACD02825FCBC00371383 /* Assets.xcassets */,
				0CA5ACD22825FCBC00371383 /* LaunchScreen.storyboard */,
				0CA5ACD52825FCBC00371383 /* Info.plist */,
			);
			path = DevToiOS;
			sourceTree = "<group>";
		};
/* End PBXGroup section */

/* Begin PBXNativeTarget section */
		0CA5ACC32825FCBA00371383 /* DevToiOS */ = {
			isa = PBXNativeTarget;
			buildConfigurationList = 0CA5ACD82825FCBC00371383 /* Build configuration list for PBXNativeTarget "DevToiOS" */;
			buildPhases = (
				0CA5ACC02825FCBA00371383 /* Sources */,
				0CA5ACC12825FCBA00371383 /* Frameworks */,
				0CA5ACC22825FCBA00371383 /* Resources */,
			);
			buildRules = (
			);
			dependencies = (
			);
			name = DevToiOS;
			productName = DevToiOS;
			productReference = 0CA5ACC42825FCBA00371383 /* DevToiOS.app */;
			productType = "com.apple.product-type.application";
		};
/* End PBXNativeTarget section */

/* Begin PBXProject section */
		0CA5ACBC2825FCBA00371383 /* Project object */ = {
			isa = PBXProject;
			attributes = {
				BuildIndependentTargetsInParallel = 1;
				LastSwiftUpdateCheck = 1330;
				LastUpgradeCheck = 1330;
				TargetAttributes = {
					0CA5ACC32825FCBA00371383 = {
						CreatedOnToolsVersion = 13.3.1;
					};
				};
			};
			buildConfigurationList = 0CA5ACBF2825FCBA00371383 /* Build configuration list for PBXProject "DevToiOS" */;
			compatibilityVersion = "Xcode 13.0";
			developmentRegion = en;
			hasScannedForEncodings = 0;
			knownRegions = (
				en,
				Base,
			);
			mainGroup = 0CA5ACBB2825FCBA00371383;
			productRefGroup = 0CA5ACC52825FCBA00371383 /* Products */;
			projectDirPath = "";
			projectRoot = "";
			targets = (
				0CA5ACC32825FCBA00371383 /* DevToiOS */,
			);
		};
/* End PBXProject section */

/* Begin PBXResourcesBuildPhase section */
		0CA5ACC22825FCBA00371383 /* Resources */ = {
			isa = PBXResourcesBuildPhase;
			buildActionMask = 2147483647;
			files = (
				0CA5ACD42825FCBC00371383 /* LaunchScreen.storyboard in Resources */,
				0CA5ACD12825FCBC00371383 /* Assets.xcassets in Resources */,
				0CA5ACCF2825FCBA00371383 /* Main.storyboard in Resources */,
			);
			runOnlyForDeploymentPostprocessing = 0;
		};
/* End PBXResourcesBuildPhase section */

/* Begin PBXSourcesBuildPhase section */
		0CA5ACC02825FCBA00371383 /* Sources */ = {
			isa = PBXSourcesBuildPhase;
			buildActionMask = 2147483647;
			files = (
				0CA5ACCC2825FCBA00371383 /* ViewController.swift in Sources */,
				0CA5ACC82825FCBA00371383 /* AppDelegate.swift in Sources */,
				0CA5ACCA2825FCBA00371383 /* SceneDelegate.swift in Sources */,
			);
			runOnlyForDeploymentPostprocessing = 0;
		};
/* End PBXSourcesBuildPhase section */

/* Begin PBXVariantGroup section */
		0CA5ACCD2825FCBA00371383 /* Main.storyboard */ = {
			isa = PBXVariantGroup;
			children = (
				0CA5ACCE2825FCBA00371383 /* Base */,
			);
			name = Main.storyboard;
			sourceTree = "<group>";
		};
		0CA5ACD22825FCBC00371383 /* LaunchScreen.storyboard */ = {
			isa = PBXVariantGroup;
			children = (
				0CA5ACD32825FCBC00371383 /* Base */,
			);
			name = LaunchScreen.storyboard;
			sourceTree = "<group>";
		};
/* End PBXVariantGroup section */

/* Begin XCBuildConfiguration section */
		0CA5ACD62825FCBC00371383 /* Debug */ = {
			isa = XCBuildConfiguration;
			buildSettings = {
				ALWAYS_SEARCH_USER_PATHS = NO;
				CLANG_ANALYZER_NONNULL = YES;
				CLANG_ANALYZER_NUMBER_OBJECT_CONVERSION = YES_AGGRESSIVE;
				CLANG_CXX_LANGUAGE_STANDARD = "gnu++17";
				CLANG_ENABLE_MODULES = YES;
				CLANG_ENABLE_OBJC_ARC = YES;
				CLANG_ENABLE_OBJC_WEAK = YES;
				CLANG_WARN_BLOCK_CAPTURE_AUTORELEASING = YES;
				CLANG_WARN_BOOL_CONVERSION = YES;
				CLANG_WARN_COMMA = YES;
				CLANG_WARN_CONSTANT_CONVERSION = YES;
				CLANG_WARN_DEPRECATED_OBJC_IMPLEMENTATIONS = YES;
				CLANG_WARN_DIRECT_OBJC_ISA_USAGE = YES_ERROR;
				CLANG_WARN_DOCUMENTATION_COMMENTS = YES;
				CLANG_WARN_EMPTY_BODY = YES;
				CLANG_WARN_ENUM_CONVERSION = YES;
				CLANG_WARN_INFINITE_RECURSION = YES;
				CLANG_WARN_INT_CONVERSION = YES;
				CLANG_WARN_NON_LITERAL_NULL_CONVERSION = YES;
				CLANG_WARN_OBJC_IMPLICIT_RETAIN_SELF = YES;
				CLANG_WARN_OBJC_LITERAL_CONVERSION = YES;
				CLANG_WARN_OBJC_ROOT_CLASS = YES_ERROR;
				CLANG_WARN_QUOTED_INCLUDE_IN_FRAMEWORK_HEADER = YES;
				CLANG_WARN_RANGE_LOOP_ANALYSIS = YES;
				CLANG_WARN_STRICT_PROTOTYPES = YES;
				CLANG_WARN_SUSPICIOUS_MOVE = YES;
				CLANG_WARN_UNGUARDED_AVAILABILITY = YES_AGGRESSIVE;
				CLANG_WARN_UNREACHABLE_CODE = YES;
				CLANG_WARN__DUPLICATE_METHOD_MATCH = YES;
				COPY_PHASE_STRIP = NO;
				DEBUG_INFORMATION_FORMAT = dwarf;
				ENABLE_STRICT_OBJC_MSGSEND = YES;
				ENABLE_TESTABILITY = YES;
				GCC_C_LANGUAGE_STANDARD = gnu11;
				GCC_DYNAMIC_NO_PIC = NO;
				GCC_NO_COMMON_BLOCKS = YES;
				GCC_OPTIMIZATION_LEVEL = 0;
				GCC_PREPROCESSOR_DEFINITIONS = (
					"DEBUG=1",
					"$(inherited)",
				);
				GCC_WARN_64_TO_32_BIT_CONVERSION = YES;
				GCC_WARN_ABOUT_RETURN_TYPE = YES_ERROR;
				GCC_WARN_UNDECLARED_SELECTOR = YES;
				GCC_WARN_UNINITIALIZED_AUTOS = YES_AGGRESSIVE;
				GCC_WARN_UNUSED_FUNCTION = YES;
				GCC_WARN_UNUSED_VARIABLE = YES;
				IPHONEOS_DEPLOYMENT_TARGET = 15.4;
				MTL_ENABLE_DEBUG_INFO = INCLUDE_SOURCE;
				MTL_FAST_MATH = YES;
				ONLY_ACTIVE_ARCH = YES;
				SDKROOT = iphoneos;
				SWIFT_ACTIVE_COMPILATION_CONDITIONS = DEBUG;
				SWIFT_OPTIMIZATION_LEVEL = "-Onone";
			};
			name = Debug;
		};
		0CA5ACD72825FCBC00371383 /* Release */ = {
			isa = XCBuildConfiguration;
			buildSettings = {
				ALWAYS_SEARCH_USER_PATHS = NO;
				CLANG_ANALYZER_NONNULL = YES;
				CLANG_ANALYZER_NUMBER_OBJECT_CONVERSION = YES_AGGRESSIVE;
				CLANG_CXX_LANGUAGE_STANDARD = "gnu++17";
				CLANG_ENABLE_MODULES = YES;
				CLANG_ENABLE_OBJC_ARC = YES;
				CLANG_ENABLE_OBJC_WEAK = YES;
				CLANG_WARN_BLOCK_CAPTURE_AUTORELEASING = YES;
				CLANG_WARN_BOOL_CONVERSION = YES;
				CLANG_WARN_COMMA = YES;
				CLANG_WARN_CONSTANT_CONVERSION = YES;
				CLANG_WARN_DEPRECATED_OBJC_IMPLEMENTATIONS = YES;
				CLANG_WARN_DIRECT_OBJC_ISA_USAGE = YES_ERROR;
				CLANG_WARN_DOCUMENTATION_COMMENTS = YES;
				CLANG_WARN_EMPTY_BODY = YES;
				CLANG_WARN_ENUM_CONVERSION = YES;
				CLANG_WARN_INFINITE_RECURSION = YES;
				CLANG_WARN_INT_CONVERSION = YES;
				CLANG_WARN_NON_LITERAL_NULL_CONVERSION = YES;
				CLANG_WARN_OBJC_IMPLICIT_RETAIN_SELF = YES;
				CLANG_WARN_OBJC_LITERAL_CONVERSION = YES;
				CLANG_WARN_OBJC_ROOT_CLASS = YES_ERROR;
				CLANG_WARN_QUOTED_INCLUDE_IN_FRAMEWORK_HEADER = YES;
				CLANG_WARN_RANGE_LOOP_ANALYSIS = YES;
				CLANG_WARN_STRICT_PROTOTYPES = YES;
				CLANG_WARN_SUSPICIOUS_MOVE = YES;
				CLANG_WARN_UNGUARDED_AVAILABILITY = YES_AGGRESSIVE;
				CLANG_WARN_UNREACHABLE_CODE = YES;
				CLANG_WARN__DUPLICATE_METHOD_MATCH = YES;
				COPY_PHASE_STRIP = NO;
				DEBUG_INFORMATION_FORMAT = "dwarf-with-dsym";
				ENABLE_NS_ASSERTIONS = NO;
				ENABLE_STRICT_OBJC_MSGSEND = YES;
				GCC_C_LANGUAGE_STANDARD = gnu11;
				GCC_NO_COMMON_BLOCKS = YES;
				GCC_WARN_64_TO_32_BIT_CONVERSION = YES;
				GCC_WARN_ABOUT_RETURN_TYPE = YES_ERROR;
				GCC_WARN_UNDECLARED_SELECTOR = YES;
				GCC_WARN_UNINITIALIZED_AUTOS = YES_AGGRESSIVE;
				GCC_WARN_UNUSED_FUNCTION = YES;
				GCC_WARN_UNUSED_VARIABLE = YES;
				IPHONEOS_DEPLOYMENT_TARGET = 15.4;
				MTL_ENABLE_DEBUG_INFO = NO;
				MTL_FAST_MATH = YES;
				SDKROOT = iphoneos;
				SWIFT_COMPILATION_MODE = wholemodule;
				SWIFT_OPTIMIZATION_LEVEL = "-O";
				VALIDATE_PRODUCT = YES;
			};
			name = Release;
		};
		0CA5ACD92825FCBC00371383 /* Debug */ = {
			isa = XCBuildConfiguration;
			buildSettings = {
				ASSETCATALOG_COMPILER_APPICON_NAME = AppIcon;
				ASSETCATALOG_COMPILER_GLOBAL_ACCENT_COLOR_NAME = AccentColor;
				CODE_SIGN_STYLE = Automatic;
				CURRENT_PROJECT_VERSION = 1;
				GENERATE_INFOPLIST_FILE = YES;
				INFOPLIST_FILE = DevToiOS/Info.plist;
				INFOPLIST_KEY_UIApplicationSupportsIndirectInputEvents = YES;
				INFOPLIST_KEY_UILaunchStoryboardName = LaunchScreen;
				INFOPLIST_KEY_UIMainStoryboardFile = Main;
				INFOPLIST_KEY_UISupportedInterfaceOrientations_iPad = "UIInterfaceOrientationPortrait UIInterfaceOrientationPortraitUpsideDown UIInterfaceOrientationLandscapeLeft UIInterfaceOrientationLandscapeRight";
				INFOPLIST_KEY_UISupportedInterfaceOrientations_iPhone = "UIInterfaceOrientationPortrait UIInterfaceOrientationLandscapeLeft UIInterfaceOrientationLandscapeRight";
				IPHONEOS_DEPLOYMENT_TARGET = 15.0;
				LD_RUNPATH_SEARCH_PATHS = (
					"$(inherited)",
					"@executable_path/Frameworks",
				);
				MARKETING_VERSION = 1.0;
				PRODUCT_BUNDLE_IDENTIFIER = toni77777.DevToiOS;
				PRODUCT_NAME = "$(TARGET_NAME)";
				SWIFT_EMIT_LOC_STRINGS = YES;
				SWIFT_VERSION = 5.0;
				TARGETED_DEVICE_FAMILY = 1;
			};
			name = Debug;
		};
		0CA5ACDA2825FCBC00371383 /* Release */ = {
			isa = XCBuildConfiguration;
			buildSettings = {
				ASSETCATALOG_COMPILER_APPICON_NAME = AppIcon;
				ASSETCATALOG_COMPILER_GLOBAL_ACCENT_COLOR_NAME = AccentColor;
				CODE_SIGN_STYLE = Automatic;
				CURRENT_PROJECT_VERSION = 1;
				GENERATE_INFOPLIST_FILE = YES;
				INFOPLIST_FILE = DevToiOS/Info.plist;
				INFOPLIST_KEY_UIApplicationSupportsIndirectInputEvents = YES;
				INFOPLIST_KEY_UILaunchStoryboardName = LaunchScreen;
				INFOPLIST_KEY_UIMainStoryboardFile = Main;
				INFOPLIST_KEY_UISupportedInterfaceOrientations_iPad = "UIInterfaceOrientationPortrait UIInterfaceOrientationPortraitUpsideDown UIInterfaceOrientationLandscapeLeft UIInterfaceOrientationLandscapeRight";
				INFOPLIST_KEY_UISupportedInterfaceOrientations_iPhone = "UIInterfaceOrientationPortrait UIInterfaceOrientationLandscapeLeft UIInterfaceOrientationLandscapeRight";
				IPHONEOS_DEPLOYMENT_TARGET = 15.0;
				LD_RUNPATH_SEARCH_PATHS = (
					"$(inherited)",
					"@executable_path/Frameworks",
				);
				MARKETING_VERSION = 1.0;
				PRODUCT_BUNDLE_IDENTIFIER = toni77777.DevToiOS;
				PRODUCT_NAME = "$(TARGET_NAME)";
				SWIFT_EMIT_LOC_STRINGS = YES;
				SWIFT_VERSION = 5.0;
				TARGETED_DEVICE_FAMILY = 1;
			};
			name = Release;
		};
/* End XCBuildConfiguration section */

/* Begin XCConfigurationList section */
		0CA5ACBF2825FCBA00371383 /* Build configuration list for PBXProject "DevToiOS" */ = {
			isa = XCConfigurationList;
			buildConfigurations = (
				0CA5ACD62825FCBC00371383 /* Debug */,
				0CA5ACD72825FCBC00371383 /* Release */,
			);
			defaultConfigurationIsVisible = 0;
			defaultConfigurationName = Release;
		};
		0CA5ACD82825FCBC00371383 /* Build configuration list for PBXNativeTarget "DevToiOS" */ = {
			isa = XCConfigurationList;
			buildConfigurations = (
				0CA5ACD92825FCBC00371383 /* Debug */,
				0CA5ACDA2825FCBC00371383 /* Release */,
			);
			defaultConfigurationIsVisible = 0;
			defaultConfigurationName = Release;
		};
/* End XCConfigurationList section */
	};
	rootObject = 0CA5ACBC2825FCBA00371383 /* Project object */;
}
